// !$*UTF8*$!
{
	archiveVersion = 1;
	classes = {
	};
	objectVersion = 46;
	objects = {

/* Begin PBXBuildFile section */
		0A57B4CB1D04420D00BA9D56 /* main.m in Sources */ = {isa = PBXBuildFile; fileRef = 0A57B4CA1D04420D00BA9D56 /* main.m */; };
		0A57B4CE1D04420D00BA9D56 /* AppDelegate.m in Sources */ = {isa = PBXBuildFile; fileRef = 0A57B4CD1D04420D00BA9D56 /* AppDelegate.m */; };
		0A57B4D11D04420D00BA9D56 /* ViewController.m in Sources */ = {isa = PBXBuildFile; fileRef = 0A57B4D01D04420D00BA9D56 /* ViewController.m */; };
		0A57B4D41D04420D00BA9D56 /* Main.storyboard in Resources */ = {isa = PBXBuildFile; fileRef = 0A57B4D21D04420D00BA9D56 /* Main.storyboard */; };
		0A57B4D61D04420D00BA9D56 /* Assets.xcassets in Resources */ = {isa = PBXBuildFile; fileRef = 0A57B4D51D04420D00BA9D56 /* Assets.xcassets */; };
		0A57B4D91D04420D00BA9D56 /* LaunchScreen.storyboard in Resources */ = {isa = PBXBuildFile; fileRef = 0A57B4D71D04420D00BA9D56 /* LaunchScreen.storyboard */; };
		0A57B4E41D04420D00BA9D56 /* pictureWipeTests.m in Sources */ = {isa = PBXBuildFile; fileRef = 0A57B4E31D04420D00BA9D56 /* pictureWipeTests.m */; };
		0A57B4EF1D04420D00BA9D56 /* pictureWipeUITests.m in Sources */ = {isa = PBXBuildFile; fileRef = 0A57B4EE1D04420D00BA9D56 /* pictureWipeUITests.m */; };
/* End PBXBuildFile section */

/* Begin PBXContainerItemProxy section */
		0A57B4E01D04420D00BA9D56 /* PBXContainerItemProxy */ = {
			isa = PBXContainerItemProxy;
			containerPortal = 0A57B4BE1D04420D00BA9D56 /* Project object */;
			proxyType = 1;
			remoteGlobalIDString = 0A57B4C51D04420D00BA9D56;
			remoteInfo = pictureWipe;
		};
		0A57B4EB1D04420D00BA9D56 /* PBXContainerItemProxy */ = {
			isa = PBXContainerItemProxy;
			containerPortal = 0A57B4BE1D04420D00BA9D56 /* Project object */;
			proxyType = 1;
			remoteGlobalIDString = 0A57B4C51D04420D00BA9D56;
			remoteInfo = pictureWipe;
		};
/* End PBXContainerItemProxy section */

/* Begin PBXFileReference section */
		0A57B4C61D04420D00BA9D56 /* pictureWipe.app */ = {isa = PBXFileReference; explicitFileType = wrapper.application; includeInIndex = 0; path = pictureWipe.app; sourceTree = BUILT_PRODUCTS_DIR; };
		0A57B4CA1D04420D00BA9D56 /* main.m */ = {isa = PBXFileReference; lastKnownFileType = sourcecode.c.objc; path = main.m; sourceTree = "<group>"; };
		0A57B4CC1D04420D00BA9D56 /* AppDelegate.h */ = {isa = PBXFileReference; lastKnownFileType = sourcecode.c.h; path = AppDelegate.h; sourceTree = "<group>"; };
		0A57B4CD1D04420D00BA9D56 /* AppDelegate.m */ = {isa = PBXFileReference; lastKnownFileType = sourcecode.c.objc; path = AppDelegate.m; sourceTree = "<group>"; };
		0A57B4CF1D04420D00BA9D56 /* ViewController.h */ = {isa = PBXFileReference; lastKnownFileType = sourcecode.c.h; path = ViewController.h; sourceTree = "<group>"; };
		0A57B4D01D04420D00BA9D56 /* ViewController.m */ = {isa = PBXFileReference; lastKnownFileType = sourcecode.c.objc; path = ViewController.m; sourceTree = "<group>"; };
		0A57B4D31D04420D00BA9D56 /* Base */ = {isa = PBXFileReference; lastKnownFileType = file.storyboard; name = Base; path = Base.lproj/Main.storyboard; sourceTree = "<group>"; };
		0A57B4D51D04420D00BA9D56 /* Assets.xcassets */ = {isa = PBXFileReference; lastKnownFileType = folder.assetcatalog; path = Assets.xcassets; sourceTree = "<group>"; };
		0A57B4D81D04420D00BA9D56 /* Base */ = {isa = PBXFileReference; lastKnownFileType = file.storyboard; name = Base; path = Base.lproj/LaunchScreen.storyboard; sourceTree = "<group>"; };
		0A57B4DA1D04420D00BA9D56 /* Info.plist */ = {isa = PBXFileReference; lastKnownFileType = text.plist.xml; path = Info.plist; sourceTree = "<group>"; };
		0A57B4DF1D04420D00BA9D56 /* pictureWipeTests.xctest */ = {isa = PBXFileReference; explicitFileType = wrapper.cfbundle; includeInIndex = 0; path = pictureWipeTests.xctest; sourceTree = BUILT_PRODUCTS_DIR; };
		0A57B4E31D04420D00BA9D56 /* pictureWipeTests.m */ = {isa = PBXFileReference; lastKnownFileType = sourcecode.c.objc; path = pictureWipeTests.m; sourceTree = "<group>"; };
		0A57B4E51D04420D00BA9D56 /* Info.plist */ = {isa = PBXFileReference; lastKnownFileType = text.plist.xml; path = Info.plist; sourceTree = "<group>"; };
		0A57B4EA1D04420D00BA9D56 /* pictureWipeUITests.xctest */ = {isa = PBXFileReference; explicitFileType = wrapper.cfbundle; includeInIndex = 0; path = pictureWipeUITests.xctest; sourceTree = BUILT_PRODUCTS_DIR; };
		0A57B4EE1D04420D00BA9D56 /* pictureWipeUITests.m */ = {isa = PBXFileReference; lastKnownFileType = sourcecode.c.objc; path = pictureWipeUITests.m; sourceTree = "<group>"; };
		0A57B4F01D04420D00BA9D56 /* Info.plist */ = {isa = PBXFileReference; lastKnownFileType = text.plist.xml; path = Info.plist; sourceTree = "<group>"; };
/* End PBXFileReference section */

/* Begin PBXFrameworksBuildPhase section */
		0A57B4C31D04420D00BA9D56 /* Frameworks */ = {
			isa = PBXFrameworksBuildPhase;
			buildActionMask = 2147483647;
			files = (
			);
			runOnlyForDeploymentPostprocessing = 0;
		};
		0A57B4DC1D04420D00BA9D56 /* Frameworks */ = {
			isa = PBXFrameworksBuildPhase;
			buildActionMask = 2147483647;
			files = (
			);
			runOnlyForDeploymentPostprocessing = 0;
		};
		0A57B4E71D04420D00BA9D56 /* Frameworks */ = {
			isa = PBXFrameworksBuildPhase;
			buildActionMask = 2147483647;
			files = (
			);
			runOnlyForDeploymentPostprocessing = 0;
		};
/* End PBXFrameworksBuildPhase section */

/* Begin PBXGroup section */
		0A57B4BD1D04420D00BA9D56 = {
			isa = PBXGroup;
			children = (
				0A57B4C81D04420D00BA9D56 /* pictureWipe */,
				0A57B4E21D04420D00BA9D56 /* pictureWipeTests */,
				0A57B4ED1D04420D00BA9D56 /* pictureWipeUITests */,
				0A57B4C71D04420D00BA9D56 /* Products */,
			);
			sourceTree = "<group>";
		};
		0A57B4C71D04420D00BA9D56 /* Products */ = {
			isa = PBXGroup;
			children = (
				0A57B4C61D04420D00BA9D56 /* pictureWipe.app */,
				0A57B4DF1D04420D00BA9D56 /* pictureWipeTests.xctest */,
				0A57B4EA1D04420D00BA9D56 /* pictureWipeUITests.xctest */,
			);
			name = Products;
			sourceTree = "<group>";
		};
		0A57B4C81D04420D00BA9D56 /* pictureWipe */ = {
			isa = PBXGroup;
			children = (
				0A57B4CC1D04420D00BA9D56 /* AppDelegate.h */,
				0A57B4CD1D04420D00BA9D56 /* AppDelegate.m */,
				0A57B4CF1D04420D00BA9D56 /* ViewController.h */,
				0A57B4D01D04420D00BA9D56 /* ViewController.m */,
				0A57B4D21D04420D00BA9D56 /* Main.storyboard */,
				0A57B4D51D04420D00BA9D56 /* Assets.xcassets */,
				0A57B4D71D04420D00BA9D56 /* LaunchScreen.storyboard */,
				0A57B4DA1D04420D00BA9D56 /* Info.plist */,
				0A57B4C91D04420D00BA9D56 /* Supporting Files */,
			);
			path = pictureWipe;
			sourceTree = "<group>";
		};
		0A57B4C91D04420D00BA9D56 /* Supporting Files */ = {
			isa = PBXGroup;
			children = (
				0A57B4CA1D04420D00BA9D56 /* main.m */,
			);
			name = "Supporting Files";
			sourceTree = "<group>";
		};
		0A57B4E21D04420D00BA9D56 /* pictureWipeTests */ = {
			isa = PBXGroup;
			children = (
				0A57B4E31D04420D00BA9D56 /* pictureWipeTests.m */,
				0A57B4E51D04420D00BA9D56 /* Info.plist */,
			);
			path = pictureWipeTests;
			sourceTree = "<group>";
		};
		0A57B4ED1D04420D00BA9D56 /* pictureWipeUITests */ = {
			isa = PBXGroup;
			children = (
				0A57B4EE1D04420D00BA9D56 /* pictureWipeUITests.m */,
				0A57B4F01D04420D00BA9D56 /* Info.plist */,
			);
			path = pictureWipeUITests;
			sourceTree = "<group>";
		};
/* End PBXGroup section */

/* Begin PBXNativeTarget section */
		0A57B4C51D04420D00BA9D56 /* pictureWipe */ = {
			isa = PBXNativeTarget;
			buildConfigurationList = 0A57B4F31D04420D00BA9D56 /* Build configuration list for PBXNativeTarget "pictureWipe" */;
			buildPhases = (
				0A57B4C21D04420D00BA9D56 /* Sources */,
				0A57B4C31D04420D00BA9D56 /* Frameworks */,
				0A57B4C41D04420D00BA9D56 /* Resources */,
			);
			buildRules = (
			);
			dependencies = (
			);
			name = pictureWipe;
			productName = pictureWipe;
			productReference = 0A57B4C61D04420D00BA9D56 /* pictureWipe.app */;
			productType = "com.apple.product-type.application";
		};
		0A57B4DE1D04420D00BA9D56 /* pictureWipeTests */ = {
			isa = PBXNativeTarget;
			buildConfigurationList = 0A57B4F61D04420D00BA9D56 /* Build configuration list for PBXNativeTarget "pictureWipeTests" */;
			buildPhases = (
				0A57B4DB1D04420D00BA9D56 /* Sources */,
				0A57B4DC1D04420D00BA9D56 /* Frameworks */,
				0A57B4DD1D04420D00BA9D56 /* Resources */,
			);
			buildRules = (
			);
			dependencies = (
				0A57B4E11D04420D00BA9D56 /* PBXTargetDependency */,
			);
			name = pictureWipeTests;
			productName = pictureWipeTests;
			productReference = 0A57B4DF1D04420D00BA9D56 /* pictureWipeTests.xctest */;
			productType = "com.apple.product-type.bundle.unit-test";
		};
		0A57B4E91D04420D00BA9D56 /* pictureWipeUITests */ = {
			isa = PBXNativeTarget;
			buildConfigurationList = 0A57B4F91D04420D00BA9D56 /* Build configuration list for PBXNativeTarget "pictureWipeUITests" */;
			buildPhases = (
				0A57B4E61D04420D00BA9D56 /* Sources */,
				0A57B4E71D04420D00BA9D56 /* Frameworks */,
				0A57B4E81D04420D00BA9D56 /* Resources */,
			);
			buildRules = (
			);
			dependencies = (
				0A57B4EC1D04420D00BA9D56 /* PBXTargetDependency */,
			);
			name = pictureWipeUITests;
			productName = pictureWipeUITests;
			productReference = 0A57B4EA1D04420D00BA9D56 /* pictureWipeUITests.xctest */;
			productType = "com.apple.product-type.bundle.ui-testing";
		};
/* End PBXNativeTarget section */

/* Begin PBXProject section */
		0A57B4BE1D04420D00BA9D56 /* Project object */ = {
			isa = PBXProject;
			attributes = {
				LastUpgradeCheck = 0730;
				ORGANIZATIONNAME = NegHao.W;
				TargetAttributes = {
					0A57B4C51D04420D00BA9D56 = {
						CreatedOnToolsVersion = 7.3.1;
					};
					0A57B4DE1D04420D00BA9D56 = {
						CreatedOnToolsVersion = 7.3.1;
						TestTargetID = 0A57B4C51D04420D00BA9D56;
					};
					0A57B4E91D04420D00BA9D56 = {
						CreatedOnToolsVersion = 7.3.1;
						TestTargetID = 0A57B4C51D04420D00BA9D56;
					};
				};
			};
			buildConfigurationList = 0A57B4C11D04420D00BA9D56 /* Build configuration list for PBXProject "pictureWipe" */;
			compatibilityVersion = "Xcode 3.2";
			developmentRegion = English;
			hasScannedForEncodings = 0;
			knownRegions = (
				en,
				Base,
			);
			mainGroup = 0A57B4BD1D04420D00BA9D56;
			productRefGroup = 0A57B4C71D04420D00BA9D56 /* Products */;
			projectDirPath = "";
			projectRoot = "";
			targets = (
				0A57B4C51D04420D00BA9D56 /* pictureWipe */,
				0A57B4DE1D04420D00BA9D56 /* pictureWipeTests */,
				0A57B4E91D04420D00BA9D56 /* pictureWipeUITests */,
			);
		};
/* End PBXProject section */

/* Begin PBXResourcesBuildPhase section */
		0A57B4C41D04420D00BA9D56 /* Resources */ = {
			isa = PBXResourcesBuildPhase;
			buildActionMask = 2147483647;
			files = (
				0A57B4D91D04420D00BA9D56 /* LaunchScreen.storyboard in Resources */,
				0A57B4D61D04420D00BA9D56 /* Assets.xcassets in Resources */,
				0A57B4D41D04420D00BA9D56 /* Main.storyboard in Resources */,
			);
			runOnlyForDeploymentPostprocessing = 0;
		};
		0A57B4DD1D04420D00BA9D56 /* Resources */ = {
			isa = PBXResourcesBuildPhase;
			buildActionMask = 2147483647;
			files = (
			);
			runOnlyForDeploymentPostprocessing = 0;
		};
		0A57B4E81D04420D00BA9D56 /* Resources */ = {
			isa = PBXResourcesBuildPhase;
			buildActionMask = 2147483647;
			files = (
			);
			runOnlyForDeploymentPostprocessing = 0;
		};
/* End PBXResourcesBuildPhase section */

/* Begin PBXSourcesBuildPhase section */
		0A57B4C21D04420D00BA9D56 /* Sources */ = {
			isa = PBXSourcesBuildPhase;
			buildActionMask = 2147483647;
			files = (
				0A57B4D11D04420D00BA9D56 /* ViewController.m in Sources */,
				0A57B4CE1D04420D00BA9D56 /* AppDelegate.m in Sources */,
				0A57B4CB1D04420D00BA9D56 /* main.m in Sources */,
			);
			runOnlyForDeploymentPostprocessing = 0;
		};
		0A57B4DB1D04420D00BA9D56 /* Sources */ = {
			isa = PBXSourcesBuildPhase;
			buildActionMask = 2147483647;
			files = (
				0A57B4E41D04420D00BA9D56 /* pictureWipeTests.m in Sources */,
			);
			runOnlyForDeploymentPostprocessing = 0;
		};
		0A57B4E61D04420D00BA9D56 /* Sources */ = {
			isa = PBXSourcesBuildPhase;
			buildActionMask = 2147483647;
			files = (
				0A57B4EF1D04420D00BA9D56 /* pictureWipeUITests.m in Sources */,
			);
			runOnlyForDeploymentPostprocessing = 0;
		};
/* End PBXSourcesBuildPhase section */

/* Begin PBXTargetDependency section */
		0A57B4E11D04420D00BA9D56 /* PBXTargetDependency */ = {
			isa = PBXTargetDependency;
			target = 0A57B4C51D04420D00BA9D56 /* pictureWipe */;
			targetProxy = 0A57B4E01D04420D00BA9D56 /* PBXContainerItemProxy */;
		};
		0A57B4EC1D04420D00BA9D56 /* PBXTargetDependency */ = {
			isa = PBXTargetDependency;
			target = 0A57B4C51D04420D00BA9D56 /* pictureWipe */;
			targetProxy = 0A57B4EB1D04420D00BA9D56 /* PBXContainerItemProxy */;
		};
/* End PBXTargetDependency section */

/* Begin PBXVariantGroup section */
		0A57B4D21D04420D00BA9D56 /* Main.storyboard */ = {
			isa = PBXVariantGroup;
			children = (
				0A57B4D31D04420D00BA9D56 /* Base */,
			);
			name = Main.storyboard;
			sourceTree = "<group>";
		};
		0A57B4D71D04420D00BA9D56 /* LaunchScreen.storyboard */ = {
			isa = PBXVariantGroup;
			children = (
				0A57B4D81D04420D00BA9D56 /* Base */,
			);
			name = LaunchScreen.storyboard;
			sourceTree = "<group>";
		};
/* End PBXVariantGroup section */

/* Begin XCBuildConfiguration section */
		0A57B4F11D04420D00BA9D56 /* Debug */ = {
			isa = XCBuildConfiguration;
			buildSettings = {
				ALWAYS_SEARCH_USER_PATHS = NO;
				CLANG_ANALYZER_NONNULL = YES;
				CLANG_CXX_LANGUAGE_STANDARD = "gnu++0x";
				CLANG_CXX_LIBRARY = "libc++";
				CLANG_ENABLE_MODULES = YES;
				CLANG_ENABLE_OBJC_ARC = YES;
				CLANG_WARN_BOOL_CONVERSION = YES;
				CLANG_WARN_CONSTANT_CONVERSION = YES;
				CLANG_WARN_DIRECT_OBJC_ISA_USAGE = YES_ERROR;
				CLANG_WARN_EMPTY_BODY = YES;
				CLANG_WARN_ENUM_CONVERSION = YES;
				CLANG_WARN_INT_CONVERSION = YES;
				CLANG_WARN_OBJC_ROOT_CLASS = YES_ERROR;
				CLANG_WARN_UNREACHABLE_CODE = YES;
				CLANG_WARN__DUPLICATE_METHOD_MATCH = YES;
				"CODE_SIGN_IDENTITY[sdk=iphoneos*]" = "iPhone Developer";
				COPY_PHASE_STRIP = NO;
				DEBUG_INFORMATION_FORMAT = dwarf;
				ENABLE_STRICT_OBJC_MSGSEND = YES;
				ENABLE_TESTABILITY = YES;
				GCC_C_LANGUAGE_STANDARD = gnu99;
				GCC_DYNAMIC_NO_PIC = NO;
				GCC_NO_COMMON_BLOCKS = YES;
				GCC_OPTIMIZATION_LEVEL = 0;
				GCC_PREPROCESSOR_DEFINITIONS = (
					"DEBUG=1",
					"$(inherited)",
				);
				GCC_WARN_64_TO_32_BIT_CONVERSION = YES;
				GCC_WARN_ABOUT_RETURN_TYPE = YES_ERROR;
				GCC_WARN_UNDECLARED_SELECTOR = YES;
				GCC_WARN_UNINITIALIZED_AUTOS = YES_AGGRESSIVE;
				GCC_WARN_UNUSED_FUNCTION = YES;
				GCC_WARN_UNUSED_VARIABLE = YES;
				IPHONEOS_DEPLOYMENT_TARGET = 9.3;
				MTL_ENABLE_DEBUG_INFO = YES;
				ONLY_ACTIVE_ARCH = YES;
				SDKROOT = iphoneos;
				TARGETED_DEVICE_FAMILY = "1,2";
			};
			name = Debug;
		};
		0A57B4F21D04420D00BA9D56 /* Release */ = {
			isa = XCBuildConfiguration;
			buildSettings = {
				ALWAYS_SEARCH_USER_PATHS = NO;
				CLANG_ANALYZER_NONNULL = YES;
				CLANG_CXX_LANGUAGE_STANDARD = "gnu++0x";
				CLANG_CXX_LIBRARY = "libc++";
				CLANG_ENABLE_MODULES = YES;
				CLANG_ENABLE_OBJC_ARC = YES;
				CLANG_WARN_BOOL_CONVERSION = YES;
				CLANG_WARN_CONSTANT_CONVERSION = YES;
				CLANG_WARN_DIRECT_OBJC_ISA_USAGE = YES_ERROR;
				CLANG_WARN_EMPTY_BODY = YES;
				CLANG_WARN_ENUM_CONVERSION = YES;
				CLANG_WARN_INT_CONVERSION = YES;
				CLANG_WARN_OBJC_ROOT_CLASS = YES_ERROR;
				CLANG_WARN_UNREACHABLE_CODE = YES;
				CLANG_WARN__DUPLICATE_METHOD_MATCH = YES;
				"CODE_SIGN_IDENTITY[sdk=iphoneos*]" = "iPhone Developer";
				COPY_PHASE_STRIP = NO;
				DEBUG_INFORMATION_FORMAT = "dwarf-with-dsym";
				ENABLE_NS_ASSERTIONS = NO;
				ENABLE_STRICT_OBJC_MSGSEND = YES;
				GCC_C_LANGUAGE_STANDARD = gnu99;
				GCC_NO_COMMON_BLOCKS = YES;
				GCC_WARN_64_TO_32_BIT_CONVERSION = YES;
				GCC_WARN_ABOUT_RETURN_TYPE = YES_ERROR;
				GCC_WARN_UNDECLARED_SELECTOR = YES;
				GCC_WARN_UNINITIALIZED_AUTOS = YES_AGGRESSIVE;
				GCC_WARN_UNUSED_FUNCTION = YES;
				GCC_WARN_UNUSED_VARIABLE = YES;
				IPHONEOS_DEPLOYMENT_TARGET = 9.3;
				MTL_ENABLE_DEBUG_INFO = NO;
				SDKROOT = iphoneos;
				TARGETED_DEVICE_FAMILY = "1,2";
				VALIDATE_PRODUCT = YES;
			};
			name = Release;
		};
		0A57B4F41D04420D00BA9D56 /* Debug */ = {
			isa = XCBuildConfiguration;
			buildSettings = {
				ASSETCATALOG_COMPILER_APPICON_NAME = AppIcon;
				INFOPLIST_FILE = pictureWipe/Info.plist;
				LD_RUNPATH_SEARCH_PATHS = "$(inherited) @executable_path/Frameworks";
				PRODUCT_BUNDLE_IDENTIFIER = "HaoHao-Studio.pictureWipe";
				PRODUCT_NAME = "$(TARGET_NAME)";
			};
			name = Debug;
		};
		0A57B4F51D04420D00BA9D56 /* Release */ = {
			isa = XCBuildConfiguration;
			buildSettings = {
				ASSETCATALOG_COMPILER_APPICON_NAME = AppIcon;
				INFOPLIST_FILE = pictureWipe/Info.plist;
				LD_RUNPATH_SEARCH_PATHS = "$(inherited) @executable_path/Frameworks";
				PRODUCT_BUNDLE_IDENTIFIER = "HaoHao-Studio.pictureWipe";
				PRODUCT_NAME = "$(TARGET_NAME)";
			};
			name = Release;
		};
		0A57B4F71D04420D00BA9D56 /* Debug */ = {
			isa = XCBuildConfiguration;
			buildSettings = {
				BUNDLE_LOADER = "$(TEST_HOST)";
				INFOPLIST_FILE = pictureWipeTests/Info.plist;
				LD_RUNPATH_SEARCH_PATHS = "$(inherited) @executable_path/Frameworks @loader_path/Frameworks";
				PRODUCT_BUNDLE_IDENTIFIER = "HaoHao-Studio.pictureWipeTests";
				PRODUCT_NAME = "$(TARGET_NAME)";
				TEST_HOST = "$(BUILT_PRODUCTS_DIR)/pictureWipe.app/pictureWipe";
			};
			name = Debug;
		};
		0A57B4F81D04420D00BA9D56 /* Release */ = {
			isa = XCBuildConfiguration;
			buildSettings = {
				BUNDLE_LOADER = "$(TEST_HOST)";
				INFOPLIST_FILE = pictureWipeTests/Info.plist;
				LD_RUNPATH_SEARCH_PATHS = "$(inherited) @executable_path/Frameworks @loader_path/Frameworks";
				PRODUCT_BUNDLE_IDENTIFIER = "HaoHao-Studio.pictureWipeTests";
				PRODUCT_NAME = "$(TARGET_NAME)";
				TEST_HOST = "$(BUILT_PRODUCTS_DIR)/pictureWipe.app/pictureWipe";
			};
			name = Release;
		};
		0A57B4FA1D04420D00BA9D56 /* Debug */ = {
			isa = XCBuildConfiguration;
			buildSettings = {
				INFOPLIST_FILE = pictureWipeUITests/Info.plist;
				LD_RUNPATH_SEARCH_PATHS = "$(inherited) @executable_path/Frameworks @loader_path/Frameworks";
				PRODUCT_BUNDLE_IDENTIFIER = "HaoHao-Studio.pictureWipeUITests";
				PRODUCT_NAME = "$(TARGET_NAME)";
				TEST_TARGET_NAME = pictureWipe;
			};
			name = Debug;
		};
		0A57B4FB1D04420D00BA9D56 /* Release */ = {
			isa = XCBuildConfiguration;
			buildSettings = {
				INFOPLIST_FILE = pictureWipeUITests/Info.plist;
				LD_RUNPATH_SEARCH_PATHS = "$(inherited) @executable_path/Frameworks @loader_path/Frameworks";
				PRODUCT_BUNDLE_IDENTIFIER = "HaoHao-Studio.pictureWipeUITests";
				PRODUCT_NAME = "$(TARGET_NAME)";
				TEST_TARGET_NAME = pictureWipe;
			};
			name = Release;
		};
/* End XCBuildConfiguration section */

/* Begin XCConfigurationList section */
		0A57B4C11D04420D00BA9D56 /* Build configuration list for PBXProject "pictureWipe" */ = {
			isa = XCConfigurationList;
			buildConfigurations = (
				0A57B4F11D04420D00BA9D56 /* Debug */,
				0A57B4F21D04420D00BA9D56 /* Release */,
			);
			defaultConfigurationIsVisible = 0;
			defaultConfigurationName = Release;
		};
		0A57B4F31D04420D00BA9D56 /* Build configuration list for PBXNativeTarget "pictureWipe" */ = {
			isa = XCConfigurationList;
			buildConfigurations = (
				0A57B4F41D04420D00BA9D56 /* Debug */,
				0A57B4F51D04420D00BA9D56 /* Release */,
			);
			defaultConfigurationIsVisible = 0;
		};
		0A57B4F61D04420D00BA9D56 /* Build configuration list for PBXNativeTarget "pictureWipeTests" */ = {
			isa = XCConfigurationList;
			buildConfigurations = (
				0A57B4F71D04420D00BA9D56 /* Debug */,
				0A57B4F81D04420D00BA9D56 /* Release */,
			);
			defaultConfigurationIsVisible = 0;
		};
		0A57B4F91D04420D00BA9D56 /* Build configuration list for PBXNativeTarget "pictureWipeUITests" */ = {
			isa = XCConfigurationList;
			buildConfigurations = (
				0A57B4FA1D04420D00BA9D56 /* Debug */,
				0A57B4FB1D04420D00BA9D56 /* Release */,
			);
			defaultConfigurationIsVisible = 0;
		};
/* End XCConfigurationList section */
	};
	rootObject = 0A57B4BE1D04420D00BA9D56 /* Project object */;
}
